// !$*UTF8*$!
{
	archiveVersion = 1;
	classes = {
	};
	objectVersion = 46;
	objects = {

/* Begin PBXBuildFile section */
		5F630993177FE6B00062710C /* libStaticLib.a in Frameworks */ = {isa = PBXBuildFile; fileRef = 5F63098C177FE69C0062710C /* libStaticLib.a */; };
		5F630999177FE8400062710C /* SenTestingKit.framework in Frameworks */ = {isa = PBXBuildFile; fileRef = 5F630998177FE8400062710C /* SenTestingKit.framework */; };
		8808180F1757266B00F7DC20 /* MainStoryboard.storyboard in Resources */ = {isa = PBXBuildFile; fileRef = 8808180E1757266B00F7DC20 /* MainStoryboard.storyboard */; };
		880818121757273000F7DC20 /* RootViewController.m in Sources */ = {isa = PBXBuildFile; fileRef = 880818111757273000F7DC20 /* RootViewController.m */; };
		88D0F45D16549D730038821E /* InfoPlist.strings in Resources */ = {isa = PBXBuildFile; fileRef = 88D0F45B16549D730038821E /* InfoPlist.strings */; };
		88D0F45F16549D730038821E /* main.m in Sources */ = {isa = PBXBuildFile; fileRef = 88D0F45E16549D730038821E /* main.m */; };
		88D0F46316549D730038821E /* AppDelegate.m in Sources */ = {isa = PBXBuildFile; fileRef = 88D0F46216549D730038821E /* AppDelegate.m */; };
		88D0F46516549D730038821E /* Default.png in Resources */ = {isa = PBXBuildFile; fileRef = 88D0F46416549D730038821E /* Default.png */; };
		88D0F46716549D730038821E /* Default@2x.png in Resources */ = {isa = PBXBuildFile; fileRef = 88D0F46616549D730038821E /* Default@2x.png */; };
		88D0F46916549D730038821E /* Default-568h@2x.png in Resources */ = {isa = PBXBuildFile; fileRef = 88D0F46816549D730038821E /* Default-568h@2x.png */; };
		88D0F47B16549D730038821E /* InfoPlist.strings in Resources */ = {isa = PBXBuildFile; fileRef = 88D0F47916549D730038821E /* InfoPlist.strings */; };
		88D0F47E16549D730038821E /* iOSProjectTests.m in Sources */ = {isa = PBXBuildFile; fileRef = 88D0F47D16549D730038821E /* iOSProjectTests.m */; };
/* End PBXBuildFile section */

/* Begin PBXContainerItemProxy section */
		5F63098B177FE69C0062710C /* PBXContainerItemProxy */ = {
			isa = PBXContainerItemProxy;
			containerPortal = 5F630985177FE69C0062710C /* StaticLib.xcodeproj */;
			proxyType = 2;
			remoteGlobalIDString = 883A27F6168109FA00F2AD59;
			remoteInfo = StaticLib;
		};
		5F63098D177FE69C0062710C /* PBXContainerItemProxy */ = {
			isa = PBXContainerItemProxy;
			containerPortal = 5F630985177FE69C0062710C /* StaticLib.xcodeproj */;
			proxyType = 2;
			remoteGlobalIDString = 8808181A17572BBA00F7DC20;
			remoteInfo = StaticLibTests;
		};
		5F63098F177FE69C0062710C /* PBXContainerItemProxy */ = {
			isa = PBXContainerItemProxy;
			containerPortal = 5F630985177FE69C0062710C /* StaticLib.xcodeproj */;
			proxyType = 2;
			remoteGlobalIDString = 8808185417572D9900F7DC20;
			remoteInfo = StaticLibTestLoader;
		};
		5F630991177FE6A80062710C /* PBXContainerItemProxy */ = {
			isa = PBXContainerItemProxy;
			containerPortal = 5F630985177FE69C0062710C /* StaticLib.xcodeproj */;
			proxyType = 1;
			remoteGlobalIDString = 883A27F5168109FA00F2AD59;
			remoteInfo = StaticLib;
		};
		88D0F47416549D730038821E /* PBXContainerItemProxy */ = {
			isa = PBXContainerItemProxy;
			containerPortal = 88D0F44516549D730038821E /* Project object */;
			proxyType = 1;
			remoteGlobalIDString = 88D0F44D16549D730038821E;
			remoteInfo = iOSProject;
		};
/* End PBXContainerItemProxy section */

/* Begin PBXFileReference section */
		5F630985177FE69C0062710C /* StaticLib.xcodeproj */ = {isa = PBXFileReference; lastKnownFileType = "wrapper.pb-project"; name = StaticLib.xcodeproj; path = ../StaticLib/StaticLib.xcodeproj; sourceTree = "<group>"; };
		5F630997177FE8130062710C /* iOSProjectTests-Prefix.pch */ = {isa = PBXFileReference; lastKnownFileType = sourcecode.c.h; name = "iOSProjectTests-Prefix.pch"; path = "tests/iOSProjectTests-Prefix.pch"; sourceTree = SOURCE_ROOT; };
		5F630998177FE8400062710C /* SenTestingKit.framework */ = {isa = PBXFileReference; lastKnownFileType = wrapper.framework; name = SenTestingKit.framework; path = Library/Frameworks/SenTestingKit.framework; sourceTree = DEVELOPER_DIR; };
		8808180E1757266B00F7DC20 /* MainStoryboard.storyboard */ = {isa = PBXFileReference; fileEncoding = 4; lastKnownFileType = file.storyboard; path = MainStoryboard.storyboard; sourceTree = "<group>"; };
		880818101757273000F7DC20 /* RootViewController.h */ = {isa = PBXFileReference; fileEncoding = 4; lastKnownFileType = sourcecode.c.h; path = RootViewController.h; sourceTree = "<group>"; };
		880818111757273000F7DC20 /* RootViewController.m */ = {isa = PBXFileReference; fileEncoding = 4; lastKnownFileType = sourcecode.c.objc; path = RootViewController.m; sourceTree = "<group>"; };
		883A27BA1680D8CC00F2AD59 /* Version.xcconfig */ = {isa = PBXFileReference; lastKnownFileType = text.xcconfig; path = Version.xcconfig; sourceTree = "<group>"; };
		88D0F44E16549D730038821E /* iOSProject.app */ = {isa = PBXFileReference; explicitFileType = wrapper.application; includeInIndex = 0; path = iOSProject.app; sourceTree = BUILT_PRODUCTS_DIR; };
		88D0F45A16549D730038821E /* iOSProject-Info.plist */ = {isa = PBXFileReference; lastKnownFileType = text.plist.xml; path = "iOSProject-Info.plist"; sourceTree = "<group>"; };
		88D0F45C16549D730038821E /* en */ = {isa = PBXFileReference; lastKnownFileType = text.plist.strings; name = en; path = en.lproj/InfoPlist.strings; sourceTree = "<group>"; };
		88D0F45E16549D730038821E /* main.m */ = {isa = PBXFileReference; lastKnownFileType = sourcecode.c.objc; name = main.m; path = ../src/main.m; sourceTree = "<group>"; };
		88D0F46016549D730038821E /* iOSProject-Prefix.pch */ = {isa = PBXFileReference; lastKnownFileType = sourcecode.c.h; name = "iOSProject-Prefix.pch"; path = "../src/iOSProject-Prefix.pch"; sourceTree = "<group>"; };
		88D0F46116549D730038821E /* AppDelegate.h */ = {isa = PBXFileReference; lastKnownFileType = sourcecode.c.h; path = AppDelegate.h; sourceTree = "<group>"; };
		88D0F46216549D730038821E /* AppDelegate.m */ = {isa = PBXFileReference; lastKnownFileType = sourcecode.c.objc; path = AppDelegate.m; sourceTree = "<group>"; };
		88D0F46416549D730038821E /* Default.png */ = {isa = PBXFileReference; lastKnownFileType = image.png; path = Default.png; sourceTree = "<group>"; };
		88D0F46616549D730038821E /* Default@2x.png */ = {isa = PBXFileReference; lastKnownFileType = image.png; path = "Default@2x.png"; sourceTree = "<group>"; };
		88D0F46816549D730038821E /* Default-568h@2x.png */ = {isa = PBXFileReference; lastKnownFileType = image.png; path = "Default-568h@2x.png"; sourceTree = "<group>"; };
		88D0F46F16549D730038821E /* iOSProjectTests.octest */ = {isa = PBXFileReference; explicitFileType = wrapper.cfbundle; includeInIndex = 0; path = iOSProjectTests.octest; sourceTree = BUILT_PRODUCTS_DIR; };
		88D0F47816549D730038821E /* iOSProjectTests-Info.plist */ = {isa = PBXFileReference; lastKnownFileType = text.plist.xml; path = "iOSProjectTests-Info.plist"; sourceTree = "<group>"; };
		88D0F47A16549D730038821E /* en */ = {isa = PBXFileReference; lastKnownFileType = text.plist.strings; name = en; path = en.lproj/InfoPlist.strings; sourceTree = "<group>"; };
		88D0F47C16549D730038821E /* iOSProjectTests.h */ = {isa = PBXFileReference; lastKnownFileType = sourcecode.c.h; path = iOSProjectTests.h; sourceTree = "<group>"; };
		88D0F47D16549D730038821E /* iOSProjectTests.m */ = {isa = PBXFileReference; lastKnownFileType = sourcecode.c.objc; path = iOSProjectTests.m; sourceTree = "<group>"; };
		88D0F4931654A0740038821E /* Debug.xcconfig */ = {isa = PBXFileReference; fileEncoding = 4; lastKnownFileType = text.xcconfig; path = Debug.xcconfig; sourceTree = "<group>"; };
		88D0F4941654A0740038821E /* HeadersAndLibraries.xcconfig */ = {isa = PBXFileReference; fileEncoding = 4; lastKnownFileType = text.xcconfig; path = HeadersAndLibraries.xcconfig; sourceTree = "<group>"; };
		88D0F4951654A0740038821E /* iOSApp.xcconfig */ = {isa = PBXFileReference; fileEncoding = 4; lastKnownFileType = text.xcconfig; path = iOSApp.xcconfig; sourceTree = "<group>"; };
		88D0F4961654A0740038821E /* Release.xcconfig */ = {isa = PBXFileReference; fileEncoding = 4; lastKnownFileType = text.xcconfig; path = Release.xcconfig; sourceTree = "<group>"; };
		88D0F4971654A0740038821E /* Shared.xcconfig */ = {isa = PBXFileReference; fileEncoding = 4; lastKnownFileType = text.xcconfig; path = Shared.xcconfig; sourceTree = "<group>"; };
/* End PBXFileReference section */

/* Begin PBXFrameworksBuildPhase section */
		88D0F44B16549D730038821E /* Frameworks */ = {
			isa = PBXFrameworksBuildPhase;
			buildActionMask = 2147483647;
			files = (
				5F630993177FE6B00062710C /* libStaticLib.a in Frameworks */,
			);
			runOnlyForDeploymentPostprocessing = 0;
		};
		88D0F46B16549D730038821E /* Frameworks */ = {
			isa = PBXFrameworksBuildPhase;
			buildActionMask = 2147483647;
			files = (
				5F630999177FE8400062710C /* SenTestingKit.framework in Frameworks */,
			);
			runOnlyForDeploymentPostprocessing = 0;
		};
/* End PBXFrameworksBuildPhase section */

/* Begin PBXGroup section */
		5F630986177FE69C0062710C /* Products */ = {
			isa = PBXGroup;
			children = (
				5F63098C177FE69C0062710C /* libStaticLib.a */,
				5F63098E177FE69C0062710C /* StaticLibTests.octest */,
				5F630990177FE69C0062710C /* StaticLibTestLoader.app */,
			);
			name = Products;
			sourceTree = "<group>";
		};
		88081814175728BC00F7DC20 /* Vendor */ = {
			isa = PBXGroup;
			children = (
				5F630985177FE69C0062710C /* StaticLib.xcodeproj */,
			);
			name = Vendor;
			sourceTree = "<group>";
		};
		88D0F44316549D730038821E = {
			isa = PBXGroup;
			children = (
				88D0F45816549D730038821E /* Source */,
				88D0F45916549D730038821E /* Resources */,
				88D0F4901654A0220038821E /* Configuration */,
				88D0F47616549D730038821E /* Tests */,
				88081814175728BC00F7DC20 /* Vendor */,
				88D0F45116549D730038821E /* Frameworks */,
				88D0F44F16549D730038821E /* Products */,
			);
			sourceTree = "<group>";
		};
		88D0F44F16549D730038821E /* Products */ = {
			isa = PBXGroup;
			children = (
				88D0F44E16549D730038821E /* iOSProject.app */,
				88D0F46F16549D730038821E /* iOSProjectTests.octest */,
			);
			name = Products;
			sourceTree = "<group>";
		};
		88D0F45116549D730038821E /* Frameworks */ = {
			isa = PBXGroup;
			children = (
				5F630998177FE8400062710C /* SenTestingKit.framework */,
			);
			name = Frameworks;
			sourceTree = "<group>";
		};
		88D0F45816549D730038821E /* Source */ = {
			isa = PBXGroup;
			children = (
				88D0F46116549D730038821E /* AppDelegate.h */,
				88D0F46216549D730038821E /* AppDelegate.m */,
				8808180E1757266B00F7DC20 /* MainStoryboard.storyboard */,
				880818101757273000F7DC20 /* RootViewController.h */,
				880818111757273000F7DC20 /* RootViewController.m */,
			);
			name = Source;
			path = src;
			sourceTree = "<group>";
		};
		88D0F45916549D730038821E /* Resources */ = {
			isa = PBXGroup;
			children = (
				88D0F45A16549D730038821E /* iOSProject-Info.plist */,
				88D0F45B16549D730038821E /* InfoPlist.strings */,
				88D0F45E16549D730038821E /* main.m */,
				88D0F46016549D730038821E /* iOSProject-Prefix.pch */,
				88D0F46416549D730038821E /* Default.png */,
				88D0F46616549D730038821E /* Default@2x.png */,
				88D0F46816549D730038821E /* Default-568h@2x.png */,
			);
			name = Resources;
			path = resources;
			sourceTree = "<group>";
		};
		88D0F47616549D730038821E /* Tests */ = {
			isa = PBXGroup;
			children = (
				88D0F47C16549D730038821E /* iOSProjectTests.h */,
				88D0F47D16549D730038821E /* iOSProjectTests.m */,
				88D0F47716549D730038821E /* resources */,
			);
			name = Tests;
			path = tests;
			sourceTree = "<group>";
		};
		88D0F47716549D730038821E /* resources */ = {
			isa = PBXGroup;
			children = (
				5F630997177FE8130062710C /* iOSProjectTests-Prefix.pch */,
				88D0F47816549D730038821E /* iOSProjectTests-Info.plist */,
				88D0F47916549D730038821E /* InfoPlist.strings */,
			);
			path = resources;
			sourceTree = "<group>";
		};
		88D0F4901654A0220038821E /* Configuration */ = {
			isa = PBXGroup;
			children = (
				88D0F4911654A0270038821E /* Target */,
				88D0F4921654A02C0038821E /* Project */,
			);
			name = Configuration;
			path = configuration;
			sourceTree = "<group>";
		};
		88D0F4911654A0270038821E /* Target */ = {
			isa = PBXGroup;
			children = (
				88D0F4941654A0740038821E /* HeadersAndLibraries.xcconfig */,
				88D0F4971654A0740038821E /* Shared.xcconfig */,
				883A27BA1680D8CC00F2AD59 /* Version.xcconfig */,
				88D0F4951654A0740038821E /* iOSApp.xcconfig */,
			);
			name = Target;
			sourceTree = "<group>";
		};
		88D0F4921654A02C0038821E /* Project */ = {
			isa = PBXGroup;
			children = (
				88D0F4931654A0740038821E /* Debug.xcconfig */,
				88D0F4961654A0740038821E /* Release.xcconfig */,
			);
			name = Project;
			sourceTree = "<group>";
		};
/* End PBXGroup section */

/* Begin PBXNativeTarget section */
		88D0F44D16549D730038821E /* iOSProject */ = {
			isa = PBXNativeTarget;
			buildConfigurationList = 88D0F48116549D730038821E /* Build configuration list for PBXNativeTarget "iOSProject" */;
			buildPhases = (
				88D0F44A16549D730038821E /* Sources */,
				88D0F44B16549D730038821E /* Frameworks */,
				88D0F44C16549D730038821E /* Resources */,
			);
			buildRules = (
			);
			dependencies = (
				5F630992177FE6A80062710C /* PBXTargetDependency */,
			);
			name = iOSProject;
			productName = iOSProject;
			productReference = 88D0F44E16549D730038821E /* iOSProject.app */;
			productType = "com.apple.product-type.application";
		};
		88D0F46E16549D730038821E /* iOSProjectTests */ = {
			isa = PBXNativeTarget;
			buildConfigurationList = 88D0F48416549D730038821E /* Build configuration list for PBXNativeTarget "iOSProjectTests" */;
			buildPhases = (
				88D0F46A16549D730038821E /* Sources */,
				88D0F46B16549D730038821E /* Frameworks */,
				88D0F46C16549D730038821E /* Resources */,
				88D0F46D16549D730038821E /* ShellScript */,
			);
			buildRules = (
			);
			dependencies = (
				88D0F47516549D730038821E /* PBXTargetDependency */,
			);
			name = iOSProjectTests;
			productName = iOSProjectTests;
			productReference = 88D0F46F16549D730038821E /* iOSProjectTests.octest */;
			productType = "com.apple.product-type.bundle";
		};
/* End PBXNativeTarget section */

/* Begin PBXProject section */
		88D0F44516549D730038821E /* Project object */ = {
			isa = PBXProject;
			attributes = {
				LastUpgradeCheck = 0450;
				ORGANIZATIONNAME = JCMultimedia;
			};
			buildConfigurationList = 88D0F44816549D730038821E /* Build configuration list for PBXProject "iosapp" */;
			compatibilityVersion = "Xcode 3.2";
			developmentRegion = English;
			hasScannedForEncodings = 0;
			knownRegions = (
				en,
			);
			mainGroup = 88D0F44316549D730038821E;
			productRefGroup = 88D0F44F16549D730038821E /* Products */;
			projectDirPath = "";
			projectReferences = (
				{
					ProductGroup = 5F630986177FE69C0062710C /* Products */;
					ProjectRef = 5F630985177FE69C0062710C /* StaticLib.xcodeproj */;
				},
			);
			projectRoot = "";
			targets = (
				88D0F44D16549D730038821E /* iOSProject */,
				88D0F46E16549D730038821E /* iOSProjectTests */,
			);
		};
/* End PBXProject section */

/* Begin PBXReferenceProxy section */
		5F63098C177FE69C0062710C /* libStaticLib.a */ = {
			isa = PBXReferenceProxy;
			fileType = archive.ar;
			path = libStaticLib.a;
			remoteRef = 5F63098B177FE69C0062710C /* PBXContainerItemProxy */;
			sourceTree = BUILT_PRODUCTS_DIR;
		};
		5F63098E177FE69C0062710C /* StaticLibTests.octest */ = {
			isa = PBXReferenceProxy;
			fileType = wrapper.cfbundle;
			path = StaticLibTests.octest;
			remoteRef = 5F63098D177FE69C0062710C /* PBXContainerItemProxy */;
			sourceTree = BUILT_PRODUCTS_DIR;
		};
		5F630990177FE69C0062710C /* StaticLibTestLoader.app */ = {
			isa = PBXReferenceProxy;
			fileType = wrapper.application;
			path = StaticLibTestLoader.app;
			remoteRef = 5F63098F177FE69C0062710C /* PBXContainerItemProxy */;
			sourceTree = BUILT_PRODUCTS_DIR;
		};
/* End PBXReferenceProxy section */

/* Begin PBXResourcesBuildPhase section */
		88D0F44C16549D730038821E /* Resources */ = {
			isa = PBXResourcesBuildPhase;
			buildActionMask = 2147483647;
			files = (
				88D0F45D16549D730038821E /* InfoPlist.strings in Resources */,
				88D0F46516549D730038821E /* Default.png in Resources */,
				88D0F46716549D730038821E /* Default@2x.png in Resources */,
				88D0F46916549D730038821E /* Default-568h@2x.png in Resources */,
				8808180F1757266B00F7DC20 /* MainStoryboard.storyboard in Resources */,
			);
			runOnlyForDeploymentPostprocessing = 0;
		};
		88D0F46C16549D730038821E /* Resources */ = {
			isa = PBXResourcesBuildPhase;
			buildActionMask = 2147483647;
			files = (
				88D0F47B16549D730038821E /* InfoPlist.strings in Resources */,
			);
			runOnlyForDeploymentPostprocessing = 0;
		};
/* End PBXResourcesBuildPhase section */

/* Begin PBXShellScriptBuildPhase section */
		88D0F46D16549D730038821E /* ShellScript */ = {
			isa = PBXShellScriptBuildPhase;
			buildActionMask = 2147483647;
			files = (
			);
			inputPaths = (
			);
			outputPaths = (
			);
			runOnlyForDeploymentPostprocessing = 0;
			shellPath = /bin/sh;
			shellScript = "# Run the unit tests in this test bundle.\n\"${SYSTEM_DEVELOPER_DIR}/Tools/RunUnitTests\"\n";
		};
/* End PBXShellScriptBuildPhase section */

/* Begin PBXSourcesBuildPhase section */
		88D0F44A16549D730038821E /* Sources */ = {
			isa = PBXSourcesBuildPhase;
			buildActionMask = 2147483647;
			files = (
				88D0F45F16549D730038821E /* main.m in Sources */,
				88D0F46316549D730038821E /* AppDelegate.m in Sources */,
				880818121757273000F7DC20 /* RootViewController.m in Sources */,
			);
			runOnlyForDeploymentPostprocessing = 0;
		};
		88D0F46A16549D730038821E /* Sources */ = {
			isa = PBXSourcesBuildPhase;
			buildActionMask = 2147483647;
			files = (
				88D0F47E16549D730038821E /* iOSProjectTests.m in Sources */,
			);
			runOnlyForDeploymentPostprocessing = 0;
		};
/* End PBXSourcesBuildPhase section */

/* Begin PBXTargetDependency section */
		5F630992177FE6A80062710C /* PBXTargetDependency */ = {
			isa = PBXTargetDependency;
			name = StaticLib;
			targetProxy = 5F630991177FE6A80062710C /* PBXContainerItemProxy */;
		};
		88D0F47516549D730038821E /* PBXTargetDependency */ = {
			isa = PBXTargetDependency;
			target = 88D0F44D16549D730038821E /* iOSProject */;
			targetProxy = 88D0F47416549D730038821E /* PBXContainerItemProxy */;
		};
/* End PBXTargetDependency section */

/* Begin PBXVariantGroup section */
		88D0F45B16549D730038821E /* InfoPlist.strings */ = {
			isa = PBXVariantGroup;
			children = (
				88D0F45C16549D730038821E /* en */,
			);
			name = InfoPlist.strings;
			sourceTree = "<group>";
		};
		88D0F47916549D730038821E /* InfoPlist.strings */ = {
			isa = PBXVariantGroup;
			children = (
				88D0F47A16549D730038821E /* en */,
			);
			name = InfoPlist.strings;
			sourceTree = "<group>";
		};
/* End PBXVariantGroup section */

/* Begin XCBuildConfiguration section */
		88D0F47F16549D730038821E /* Debug */ = {
			isa = XCBuildConfiguration;
			baseConfigurationReference = 88D0F4931654A0740038821E /* Debug.xcconfig */;
			buildSettings = {
			};
			name = Debug;
		};
		88D0F48016549D730038821E /* Release */ = {
			isa = XCBuildConfiguration;
			baseConfigurationReference = 88D0F4961654A0740038821E /* Release.xcconfig */;
			buildSettings = {
			};
			name = Release;
		};
		88D0F48216549D730038821E /* Debug */ = {
			isa = XCBuildConfiguration;
			baseConfigurationReference = 88D0F4951654A0740038821E /* iOSApp.xcconfig */;
			buildSettings = {
			};
			name = Debug;
		};
		88D0F48316549D730038821E /* Release */ = {
			isa = XCBuildConfiguration;
			baseConfigurationReference = 88D0F4951654A0740038821E /* iOSApp.xcconfig */;
			buildSettings = {
			};
			name = Release;
		};
		88D0F48516549D730038821E /* Debug */ = {
			isa = XCBuildConfiguration;
			buildSettings = {
				BUNDLE_LOADER = "$(BUILT_PRODUCTS_DIR)/iOSProject.app/iOSProject";
				FRAMEWORK_SEARCH_PATHS = (
					"\"$(SDKROOT)/Developer/Library/Frameworks\"",
					"\"$(DEVELOPER_LIBRARY_DIR)/Frameworks\"",
				);
				GCC_PRECOMPILE_PREFIX_HEADER = YES;
				GCC_PREFIX_HEADER = "tests/iOSProjectTests-Prefix.pch";
				INFOPLIST_FILE = "tests/resources/iOSProjectTests-Info.plist";
				PRODUCT_NAME = "$(TARGET_NAME)";
				TEST_HOST = "$(BUNDLE_LOADER)";
				WRAPPER_EXTENSION = octest;
			};
			name = Debug;
		};
		88D0F48616549D730038821E /* Release */ = {
			isa = XCBuildConfiguration;
			buildSettings = {
				BUNDLE_LOADER = "$(BUILT_PRODUCTS_DIR)/iOSProject.app/iOSProject";
				FRAMEWORK_SEARCH_PATHS = (
					"\"$(SDKROOT)/Developer/Library/Frameworks\"",
					"\"$(DEVELOPER_LIBRARY_DIR)/Frameworks\"",
				);
				GCC_PRECOMPILE_PREFIX_HEADER = YES;
				GCC_PREFIX_HEADER = "tests/iOSProjectTests-Prefix.pch";
				INFOPLIST_FILE = "tests/resources/iOSProjectTests-Info.plist";
				PRODUCT_NAME = "$(TARGET_NAME)";
				TEST_HOST = "$(BUNDLE_LOADER)";
				WRAPPER_EXTENSION = octest;
			};
			name = Release;
		};
/* End XCBuildConfiguration section */

/* Begin XCConfigurationList section */
		88D0F44816549D730038821E /* Build configuration list for PBXProject "iosapp" */ = {
			isa = XCConfigurationList;
			buildConfigurations = (
				88D0F47F16549D730038821E /* Debug */,
				88D0F48016549D730038821E /* Release */,
			);
			defaultConfigurationIsVisible = 0;
			defaultConfigurationName = Release;
		};
		88D0F48116549D730038821E /* Build configuration list for PBXNativeTarget "iOSProject" */ = {
			isa = XCConfigurationList;
			buildConfigurations = (
				88D0F48216549D730038821E /* Debug */,
				88D0F48316549D730038821E /* Release */,
			);
			defaultConfigurationIsVisible = 0;
			defaultConfigurationName = Release;
		};
		88D0F48416549D730038821E /* Build configuration list for PBXNativeTarget "iOSProjectTests" */ = {
			isa = XCConfigurationList;
			buildConfigurations = (
				88D0F48516549D730038821E /* Debug */,
				88D0F48616549D730038821E /* Release */,
			);
			defaultConfigurationIsVisible = 0;
			defaultConfigurationName = Release;
		};
/* End XCConfigurationList section */
	};
	rootObject = 88D0F44516549D730038821E /* Project object */;
}
