// !$*UTF8*$!
{
	archiveVersion = 1;
	classes = {
	};
	objectVersion = 46;
	objects = {

/* Begin PBXBuildFile section */
		883A27F7168109FA00F2AD59 /* Foundation.framework in Frameworks */ = {isa = PBXBuildFile; fileRef = 883A27D7168109C900F2AD59 /* Foundation.framework */; };
		883A281016810B3600F2AD59 /* UIKit.framework in Frameworks */ = {isa = PBXBuildFile; fileRef = 883A27D5168109C900F2AD59 /* UIKit.framework */; };
		883A281116810B3A00F2AD59 /* CoreGraphics.framework in Frameworks */ = {isa = PBXBuildFile; fileRef = 883A27D9168109C900F2AD59 /* CoreGraphics.framework */; };
		883A285816810FE900F2AD59 /* StaticLib.h in Headers */ = {isa = PBXBuildFile; fileRef = 883A285716810FE900F2AD59 /* StaticLib.h */; settings = {ATTRIBUTES = (Public, ); }; };
		883A28CF1681140100F2AD59 /* StaticLibObject.h in Headers */ = {isa = PBXBuildFile; fileRef = 883A28CD1681140100F2AD59 /* StaticLibObject.h */; settings = {ATTRIBUTES = (Public, ); }; };
		883A28D01681140100F2AD59 /* StaticLibObject.m in Sources */ = {isa = PBXBuildFile; fileRef = 883A28CE1681140100F2AD59 /* StaticLibObject.m */; };
/* End PBXBuildFile section */

/* Begin PBXCopyFilesBuildPhase section */
		883A27F4168109FA00F2AD59 /* CopyFiles */ = {
			isa = PBXCopyFilesBuildPhase;
			buildActionMask = 2147483647;
			dstPath = "include/${PRODUCT_NAME}";
			dstSubfolderSpec = 16;
			files = (
			);
			runOnlyForDeploymentPostprocessing = 0;
		};
/* End PBXCopyFilesBuildPhase section */

/* Begin PBXFileReference section */
		883A27D5168109C900F2AD59 /* UIKit.framework */ = {isa = PBXFileReference; lastKnownFileType = wrapper.framework; name = UIKit.framework; path = System/Library/Frameworks/UIKit.framework; sourceTree = SDKROOT; };
		883A27D7168109C900F2AD59 /* Foundation.framework */ = {isa = PBXFileReference; lastKnownFileType = wrapper.framework; name = Foundation.framework; path = System/Library/Frameworks/Foundation.framework; sourceTree = SDKROOT; };
		883A27D9168109C900F2AD59 /* CoreGraphics.framework */ = {isa = PBXFileReference; lastKnownFileType = wrapper.framework; name = CoreGraphics.framework; path = System/Library/Frameworks/CoreGraphics.framework; sourceTree = SDKROOT; };
		883A27F6168109FA00F2AD59 /* libStaticLib.a */ = {isa = PBXFileReference; explicitFileType = archive.ar; includeInIndex = 0; path = libStaticLib.a; sourceTree = BUILT_PRODUCTS_DIR; };
		883A27FA168109FA00F2AD59 /* StaticLib-Prefix.pch */ = {isa = PBXFileReference; lastKnownFileType = sourcecode.c.h; path = "StaticLib-Prefix.pch"; sourceTree = "<group>"; };
		883A281416810BFF00F2AD59 /* Debug.xcconfig */ = {isa = PBXFileReference; lastKnownFileType = text.xcconfig; path = Debug.xcconfig; sourceTree = "<group>"; };
		883A281516810BFF00F2AD59 /* HeadersAndLibraries.xcconfig */ = {isa = PBXFileReference; lastKnownFileType = text.xcconfig; path = HeadersAndLibraries.xcconfig; sourceTree = "<group>"; };
		883A281616810BFF00F2AD59 /* Release.xcconfig */ = {isa = PBXFileReference; lastKnownFileType = text.xcconfig; path = Release.xcconfig; sourceTree = "<group>"; };
		883A281716810BFF00F2AD59 /* Shared.xcconfig */ = {isa = PBXFileReference; lastKnownFileType = text.xcconfig; path = Shared.xcconfig; sourceTree = "<group>"; };
		883A281816810BFF00F2AD59 /* StaticLib.xcconfig */ = {isa = PBXFileReference; lastKnownFileType = text.xcconfig; path = StaticLib.xcconfig; sourceTree = "<group>"; };
		883A285716810FE900F2AD59 /* StaticLib.h */ = {isa = PBXFileReference; fileEncoding = 4; lastKnownFileType = sourcecode.c.h; name = StaticLib.h; path = src/StaticLib.h; sourceTree = "<group>"; };
		883A28CD1681140100F2AD59 /* StaticLibObject.h */ = {isa = PBXFileReference; fileEncoding = 4; lastKnownFileType = sourcecode.c.h; path = StaticLibObject.h; sourceTree = "<group>"; };
		883A28CE1681140100F2AD59 /* StaticLibObject.m */ = {isa = PBXFileReference; fileEncoding = 4; lastKnownFileType = sourcecode.c.objc; path = StaticLibObject.m; sourceTree = "<group>"; };
/* End PBXFileReference section */

/* Begin PBXFrameworksBuildPhase section */
		883A27F3168109FA00F2AD59 /* Frameworks */ = {
			isa = PBXFrameworksBuildPhase;
			buildActionMask = 2147483647;
			files = (
				883A281116810B3A00F2AD59 /* CoreGraphics.framework in Frameworks */,
				883A281016810B3600F2AD59 /* UIKit.framework in Frameworks */,
				883A27F7168109FA00F2AD59 /* Foundation.framework in Frameworks */,
			);
			runOnlyForDeploymentPostprocessing = 0;
		};
/* End PBXFrameworksBuildPhase section */

/* Begin PBXGroup section */
		883A27C6168109C800F2AD59 = {
			isa = PBXGroup;
			children = (
				883A285716810FE900F2AD59 /* StaticLib.h */,
				883A280E16810B0A00F2AD59 /* Source */,
				883A280D16810B0000F2AD59 /* Configuration */,
				883A27F9168109FA00F2AD59 /* Resources */,
				883A27D4168109C900F2AD59 /* Frameworks */,
				883A27D2168109C900F2AD59 /* Products */,
			);
			sourceTree = "<group>";
		};
		883A27D2168109C900F2AD59 /* Products */ = {
			isa = PBXGroup;
			children = (
				883A27F6168109FA00F2AD59 /* libStaticLib.a */,
			);
			name = Products;
			sourceTree = "<group>";
		};
		883A27D4168109C900F2AD59 /* Frameworks */ = {
			isa = PBXGroup;
			children = (
				883A27D5168109C900F2AD59 /* UIKit.framework */,
				883A27D7168109C900F2AD59 /* Foundation.framework */,
				883A27D9168109C900F2AD59 /* CoreGraphics.framework */,
			);
			name = Frameworks;
			sourceTree = "<group>";
		};
		883A27F9168109FA00F2AD59 /* Resources */ = {
			isa = PBXGroup;
			children = (
				883A27FA168109FA00F2AD59 /* StaticLib-Prefix.pch */,
			);
			name = Resources;
			path = resources;
			sourceTree = "<group>";
		};
		883A280D16810B0000F2AD59 /* Configuration */ = {
			isa = PBXGroup;
			children = (
				883A281316810B4F00F2AD59 /* project */,
				883A281216810B4200F2AD59 /* target */,
			);
			name = Configuration;
			path = configuration;
			sourceTree = "<group>";
		};
		883A280E16810B0A00F2AD59 /* Source */ = {
			isa = PBXGroup;
			children = (
				883A28CD1681140100F2AD59 /* StaticLibObject.h */,
				883A28CE1681140100F2AD59 /* StaticLibObject.m */,
			);
			name = Source;
			path = src;
			sourceTree = "<group>";
		};
		883A281216810B4200F2AD59 /* target */ = {
			isa = PBXGroup;
			children = (
				883A281516810BFF00F2AD59 /* HeadersAndLibraries.xcconfig */,
				883A281716810BFF00F2AD59 /* Shared.xcconfig */,
				883A281816810BFF00F2AD59 /* StaticLib.xcconfig */,
			);
			name = target;
			sourceTree = "<group>";
		};
		883A281316810B4F00F2AD59 /* project */ = {
			isa = PBXGroup;
			children = (
				883A281416810BFF00F2AD59 /* Debug.xcconfig */,
				883A281616810BFF00F2AD59 /* Release.xcconfig */,
			);
			name = project;
			sourceTree = "<group>";
		};
/* End PBXGroup section */

/* Begin PBXHeadersBuildPhase section */
		883A280F16810B1F00F2AD59 /* Headers */ = {
			isa = PBXHeadersBuildPhase;
			buildActionMask = 2147483647;
			files = (
				883A285816810FE900F2AD59 /* StaticLib.h in Headers */,
				883A28CF1681140100F2AD59 /* StaticLibObject.h in Headers */,
			);
			runOnlyForDeploymentPostprocessing = 0;
		};
/* End PBXHeadersBuildPhase section */

/* Begin PBXNativeTarget section */
		883A27F5168109FA00F2AD59 /* StaticLib */ = {
			isa = PBXNativeTarget;
			buildConfigurationList = 883A27FF168109FA00F2AD59 /* Build configuration list for PBXNativeTarget "StaticLib" */;
			buildPhases = (
				883A27F2168109FA00F2AD59 /* Sources */,
				883A27F3168109FA00F2AD59 /* Frameworks */,
				883A27F4168109FA00F2AD59 /* CopyFiles */,
				883A280F16810B1F00F2AD59 /* Headers */,
			);
			buildRules = (
			);
			dependencies = (
			);
			name = StaticLib;
			productName = StaticLib;
			productReference = 883A27F6168109FA00F2AD59 /* libStaticLib.a */;
			productType = "com.apple.product-type.library.static";
		};
/* End PBXNativeTarget section */

/* Begin PBXProject section */
		883A27C8168109C800F2AD59 /* Project object */ = {
			isa = PBXProject;
			attributes = {
				LastUpgradeCheck = 0450;
				ORGANIZATIONNAME = JCMultimedia;
			};
			buildConfigurationList = 883A27CB168109C800F2AD59 /* Build configuration list for PBXProject "StaticLib" */;
			compatibilityVersion = "Xcode 3.2";
			developmentRegion = English;
			hasScannedForEncodings = 0;
			knownRegions = (
				en,
			);
			mainGroup = 883A27C6168109C800F2AD59;
			productRefGroup = 883A27D2168109C900F2AD59 /* Products */;
			projectDirPath = "";
			projectRoot = "";
			targets = (
				883A27F5168109FA00F2AD59 /* StaticLib */,
			);
		};
/* End PBXProject section */

/* Begin PBXSourcesBuildPhase section */
		883A27F2168109FA00F2AD59 /* Sources */ = {
			isa = PBXSourcesBuildPhase;
			buildActionMask = 2147483647;
			files = (
				883A28D01681140100F2AD59 /* StaticLibObject.m in Sources */,
			);
			runOnlyForDeploymentPostprocessing = 0;
		};
/* End PBXSourcesBuildPhase section */

/* Begin XCBuildConfiguration section */
		883A27ED168109C900F2AD59 /* Debug */ = {
			isa = XCBuildConfiguration;
			baseConfigurationReference = 883A281416810BFF00F2AD59 /* Debug.xcconfig */;
			buildSettings = {
			};
			name = Debug;
		};
		883A27EE168109C900F2AD59 /* Release */ = {
			isa = XCBuildConfiguration;
			baseConfigurationReference = 883A281616810BFF00F2AD59 /* Release.xcconfig */;
			buildSettings = {
			};
			name = Release;
		};
		883A2800168109FA00F2AD59 /* Debug */ = {
			isa = XCBuildConfiguration;
			baseConfigurationReference = 883A281816810BFF00F2AD59 /* StaticLib.xcconfig */;
			buildSettings = {
			};
			name = Debug;
		};
		883A2801168109FA00F2AD59 /* Release */ = {
			isa = XCBuildConfiguration;
			baseConfigurationReference = 883A281816810BFF00F2AD59 /* StaticLib.xcconfig */;
			buildSettings = {
			};
			name = Release;
		};
/* End XCBuildConfiguration section */

/* Begin XCConfigurationList section */
		883A27CB168109C800F2AD59 /* Build configuration list for PBXProject "StaticLib" */ = {
			isa = XCConfigurationList;
			buildConfigurations = (
				883A27ED168109C900F2AD59 /* Debug */,
				883A27EE168109C900F2AD59 /* Release */,
			);
			defaultConfigurationIsVisible = 0;
			defaultConfigurationName = Release;
		};
		883A27FF168109FA00F2AD59 /* Build configuration list for PBXNativeTarget "StaticLib" */ = {
			isa = XCConfigurationList;
			buildConfigurations = (
				883A2800168109FA00F2AD59 /* Debug */,
				883A2801168109FA00F2AD59 /* Release */,
			);
			defaultConfigurationIsVisible = 0;
			defaultConfigurationName = Release;
		};
/* End XCConfigurationList section */
	};
	rootObject = 883A27C8168109C800F2AD59 /* Project object */;
}
